
Microsoft Visual Studio Solution File, Format Version 12.00
# Visual Studio Version 16
VisualStudioVersion = 16.0.31205.134
MinimumVisualStudioVersion = 10.0.40219.1
Project("{FAE04EC0-301F-11D3-BF4B-00C04F79EFBC}") = "Graphics", "Graphics\Graphics.csproj", "{927EC07A-1AFD-4F73-B7CD-003D1DF28F15}"
EndProject
Global
	GlobalSection(SolutionConfigurationPlatforms) = preSolution
		Debug|Any CPU = Debug|Any CPU
		Release|Any CPU = Release|Any CPU
	EndGlobalSection
	GlobalSection(ProjectConfigurationPlatforms) = postSolution
		{927EC07A-1AFD-4F73-B7CD-003D1DF28F15}.Debug|Any CPU.ActiveCfg = Debug|Any CPU
		{927EC07A-1AFD-4F73-B7CD-003D1DF28F15}.Debug|Any CPU.Build.0 = Debug|Any CPU
		{927EC07A-1AFD-4F73-B7CD-003D1DF28F15}.Release|Any CPU.ActiveCfg = Release|Any CPU
		{927EC07A-1AFD-4F73-B7CD-003D1DF28F15}.Release|Any CPU.Build.0 = Release|Any CPU
	EndGlobalSection
	GlobalSection(SolutionProperties) = preSolution
		HideSolutionNode = FALSE
	EndGlobalSection
	GlobalSection(ExtensibilityGlobals) = postSolution
		SolutionGuid = {541160D1-6F2A-43EF-8B36-722B3F8A8255}
	EndGlobalSection
EndGlobal
